
Microsoft Visual Studio Solution File, Format Version 12.00
# Visual Studio Version 17
VisualStudioVersion = 17.14.36414.22 d17.14
MinimumVisualStudioVersion = 10.0.40219.1
Project("{FAE04EC0-301F-11D3-BF4B-00C04F79EFBC}") = "EateryCafeSimulator201", "EateryCafeSimulator201\EateryCafeSimulator201.csproj", "{A1002A81-26B4-465F-BFFE-96C39A1D6017}"
EndProject
Global
	GlobalSection(SolutionConfigurationPlatforms) = preSolution
		Debug|Any CPU = Debug|Any CPU
		Release|Any CPU = Release|Any CPU
	EndGlobalSection
	GlobalSection(ProjectConfigurationPlatforms) = postSolution
		{A1002A81-26B4-465F-BFFE-96C39A1D6017}.Debug|Any CPU.ActiveCfg = Debug|Any CPU
		{A1002A81-26B4-465F-BFFE-96C39A1D6017}.Debug|Any CPU.Build.0 = Debug|Any CPU
		{A1002A81-26B4-465F-BFFE-96C39A1D6017}.Release|Any CPU.ActiveCfg = Release|Any CPU
		{A1002A81-26B4-465F-BFFE-96C39A1D6017}.Release|Any CPU.Build.0 = Release|Any CPU
	EndGlobalSection
	GlobalSection(SolutionProperties) = preSolution
		HideSolutionNode = FALSE
	EndGlobalSection
	GlobalSection(ExtensibilityGlobals) = postSolution
		SolutionGuid = {4D73EA1B-0C81-428F-B34D-61028A4E0EEF}
	EndGlobalSection
EndGlobal
